
Microsoft Visual Studio Solution File, Format Version 12.00
# Visual Studio Version 16
VisualStudioVersion = 16.0.29709.97
MinimumVisualStudioVersion = 10.0.40219.1
Project("{FAE04EC0-301F-11D3-BF4B-00C04F79EFBC}") = "NotepadCsharp", "NotepadCsharp\NotepadCsharp.csproj", "{E4750960-14DC-478C-87E0-EB462AD3C335}"
EndProject
Global
	GlobalSection(SolutionConfigurationPlatforms) = preSolution
		Debug|Any CPU = Debug|Any CPU
		Release|Any CPU = Release|Any CPU
	EndGlobalSection
	GlobalSection(ProjectConfigurationPlatforms) = postSolution
		{E4750960-14DC-478C-87E0-EB462AD3C335}.Debug|Any CPU.ActiveCfg = Debug|Any CPU
		{E4750960-14DC-478C-87E0-EB462AD3C335}.Debug|Any CPU.Build.0 = Debug|Any CPU
		{E4750960-14DC-478C-87E0-EB462AD3C335}.Release|Any CPU.ActiveCfg = Release|Any CPU
		{E4750960-14DC-478C-87E0-EB462AD3C335}.Release|Any CPU.Build.0 = Release|Any CPU
	EndGlobalSection
	GlobalSection(SolutionProperties) = preSolution
		HideSolutionNode = FALSE
	EndGlobalSection
	GlobalSection(ExtensibilityGlobals) = postSolution
		SolutionGuid = {5F88DCAB-5EAF-4299-B422-4AAE367951A4}
	EndGlobalSection
EndGlobal
